// !$*UTF8*$!
{
	archiveVersion = 1;
	classes = {
	};
	objectVersion = 46;
	objects = {

/* Begin PBXBuildFile section */
		42B426F11B486C9E00CD42F5 /* user.plist in Resources */ = {isa = PBXBuildFile; fileRef = 42B426F01B486C9E00CD42F5 /* user.plist */; };
		42B426F31B4875B900CD42F5 /* SimpleLoginViewController.swift in Sources */ = {isa = PBXBuildFile; fileRef = 42B426F21B4875B900CD42F5 /* SimpleLoginViewController.swift */; };
		42B426F51B4877F200CD42F5 /* SwiftUtils.swift in Sources */ = {isa = PBXBuildFile; fileRef = 42B426F41B4877F200CD42F5 /* SwiftUtils.swift */; };
		42BCA1141C02C09200E02FCA /* consentViewController.swift in Sources */ = {isa = PBXBuildFile; fileRef = 42BCA1131C02C09200E02FCA /* consentViewController.swift */; };
		9521C6BD1B04686100D53C8C /* textResponseTableViewCell.swift in Sources */ = {isa = PBXBuildFile; fileRef = 9521C6BC1B04686100D53C8C /* textResponseTableViewCell.swift */; };
		95285CAA1AF5BE81001989B7 /* TLTiltSlider.m in Sources */ = {isa = PBXBuildFile; fileRef = 95285CA91AF5BE81001989B7 /* TLTiltSlider.m */; };
		95285CAE1AF5BF15001989B7 /* higlightedBarBackground@2x.png in Resources */ = {isa = PBXBuildFile; fileRef = 95285CAC1AF5BF15001989B7 /* higlightedBarBackground@2x.png */; };
		95285CAF1AF5BF15001989B7 /* trackBackground@2x.png in Resources */ = {isa = PBXBuildFile; fileRef = 95285CAD1AF5BF15001989B7 /* trackBackground@2x.png */; };
		95285CB11AF5BF45001989B7 /* CoreMotion.framework in Frameworks */ = {isa = PBXBuildFile; fileRef = 95285CB01AF5BF45001989B7 /* CoreMotion.framework */; };
		953291BF1AFDD15A008106F0 /* responses.swift in Sources */ = {isa = PBXBuildFile; fileRef = 953291BE1AFDD15A008106F0 /* responses.swift */; };
		954342F71AE4A9AD002945DE /* down.png in Resources */ = {isa = PBXBuildFile; fileRef = 954342F61AE4A9AD002945DE /* down.png */; };
		954342F91AE4A9FF002945DE /* up.png in Resources */ = {isa = PBXBuildFile; fileRef = 954342F81AE4A9FF002945DE /* up.png */; };
		9548A5A41AF5433F00189D28 /* IJReachability.swift in Sources */ = {isa = PBXBuildFile; fileRef = 9548A5A31AF5433F00189D28 /* IJReachability.swift */; };
		9559CE301AD9F86700DDE65B /* homeTableViewController.swift in Sources */ = {isa = PBXBuildFile; fileRef = 9559CE2C1AD9F86700DDE65B /* homeTableViewController.swift */; };
		9559CE311AD9F86700DDE65B /* homeTableViewCell.swift in Sources */ = {isa = PBXBuildFile; fileRef = 9559CE2D1AD9F86700DDE65B /* homeTableViewCell.swift */; };
		9559CE321AD9F86700DDE65B /* loginViewController.swift in Sources */ = {isa = PBXBuildFile; fileRef = 9559CE2E1AD9F86700DDE65B /* loginViewController.swift */; };
		9559CE331AD9F86700DDE65B /* signinViewController.swift in Sources */ = {isa = PBXBuildFile; fileRef = 9559CE2F1AD9F86700DDE65B /* signinViewController.swift */; };
		9559CE351AD9FB3C00DDE65B /* survey.swift in Sources */ = {isa = PBXBuildFile; fileRef = 9559CE341AD9FB3C00DDE65B /* survey.swift */; };
		9559CE371ADA03E800DDE65B /* question.swift in Sources */ = {isa = PBXBuildFile; fileRef = 9559CE361ADA03E800DDE65B /* question.swift */; };
		9559CE3E1ADA078D00DDE65B /* Faith.jpg in Resources */ = {isa = PBXBuildFile; fileRef = 9559CE381ADA078D00DDE65B /* Faith.jpg */; };
		9559CE3F1ADA078D00DDE65B /* mood.jpg in Resources */ = {isa = PBXBuildFile; fileRef = 9559CE391ADA078D00DDE65B /* mood.jpg */; };
		9559CE401ADA078D00DDE65B /* Reconstruction.jpg in Resources */ = {isa = PBXBuildFile; fileRef = 9559CE3A1ADA078D00DDE65B /* Reconstruction.jpg */; };
		9559CE411ADA078D00DDE65B /* social-1.jpg in Resources */ = {isa = PBXBuildFile; fileRef = 9559CE3B1ADA078D00DDE65B /* social-1.jpg */; };
		9559CE421ADA078D00DDE65B /* wellness.jpg in Resources */ = {isa = PBXBuildFile; fileRef = 9559CE3C1ADA078D00DDE65B /* wellness.jpg */; };
		9559CE431ADA078D00DDE65B /* sleep.jpg in Resources */ = {isa = PBXBuildFile; fileRef = 9559CE3D1ADA078D00DDE65B /* sleep.jpg */; };
		9559CE451ADA090300DDE65B /* SurveyTableViewController.swift in Sources */ = {isa = PBXBuildFile; fileRef = 9559CE441ADA090300DDE65B /* SurveyTableViewController.swift */; };
		9559CE471ADA183800DDE65B /* sliderTableViewCell.swift in Sources */ = {isa = PBXBuildFile; fileRef = 9559CE461ADA183800DDE65B /* sliderTableViewCell.swift */; };
		9559CE491ADA197000DDE65B /* buttonTableViewCell.swift in Sources */ = {isa = PBXBuildFile; fileRef = 9559CE481ADA197000DDE65B /* buttonTableViewCell.swift */; };
		9559CE4B1ADA29F800DDE65B /* questionHeaderAnswerView.swift in Sources */ = {isa = PBXBuildFile; fileRef = 9559CE4A1ADA29F800DDE65B /* questionHeaderAnswerView.swift */; };
		956023641AEE122C00F94C77 /* generic.png in Resources */ = {isa = PBXBuildFile; fileRef = 956023621AEE122C00F94C77 /* generic.png */; };
		956023651AEE122C00F94C77 /* noBack.png in Resources */ = {isa = PBXBuildFile; fileRef = 956023631AEE122C00F94C77 /* noBack.png */; };
		956023671AEE191F00F94C77 /* CustomHeaderCell.swift in Sources */ = {isa = PBXBuildFile; fileRef = 956023661AEE191F00F94C77 /* CustomHeaderCell.swift */; };
		9560F1701AD99EA90085F9EA /* AppDelegate.swift in Sources */ = {isa = PBXBuildFile; fileRef = 9560F16F1AD99EA90085F9EA /* AppDelegate.swift */; };
		9560F1751AD99EA90085F9EA /* Main.storyboard in Resources */ = {isa = PBXBuildFile; fileRef = 9560F1731AD99EA90085F9EA /* Main.storyboard */; };
		9560F1771AD99EA90085F9EA /* Images.xcassets in Resources */ = {isa = PBXBuildFile; fileRef = 9560F1761AD99EA90085F9EA /* Images.xcassets */; };
		9560F17A1AD99EA90085F9EA /* LaunchScreen.xib in Resources */ = {isa = PBXBuildFile; fileRef = 9560F1781AD99EA90085F9EA /* LaunchScreen.xib */; };
		9560F1861AD99EA90085F9EA /* WellnessAppTests.swift in Sources */ = {isa = PBXBuildFile; fileRef = 9560F1851AD99EA90085F9EA /* WellnessAppTests.swift */; };
		9560F1AE1AD9A0C10085F9EA /* Parse.framework in Frameworks */ = {isa = PBXBuildFile; fileRef = 9560F1A81AD9A0C10085F9EA /* Parse.framework */; };
		9560F1AF1AD9A0C10085F9EA /* ParseFacebookUtils.framework in Frameworks */ = {isa = PBXBuildFile; fileRef = 9560F1A91AD9A0C10085F9EA /* ParseFacebookUtils.framework */; };
		9560F1B01AD9A0C10085F9EA /* ParseFacebookUtilsV4.framework in Frameworks */ = {isa = PBXBuildFile; fileRef = 9560F1AA1AD9A0C10085F9EA /* ParseFacebookUtilsV4.framework */; };
		9560F1B11AD9A0C10085F9EA /* Bolts.framework in Frameworks */ = {isa = PBXBuildFile; fileRef = 9560F1AB1AD9A0C10085F9EA /* Bolts.framework */; };
		9560F1B21AD9A0C10085F9EA /* ParseCrashReporting.framework in Frameworks */ = {isa = PBXBuildFile; fileRef = 9560F1AC1AD9A0C10085F9EA /* ParseCrashReporting.framework */; };
		9560F1B31AD9A0C10085F9EA /* ParseUI.framework in Frameworks */ = {isa = PBXBuildFile; fileRef = 9560F1AD1AD9A0C10085F9EA /* ParseUI.framework */; };
		9560F1B51AD9A1000085F9EA /* AudioToolbox.framework in Frameworks */ = {isa = PBXBuildFile; fileRef = 9560F1B41AD9A1000085F9EA /* AudioToolbox.framework */; };
		9560F1B71AD9A1170085F9EA /* CFNetwork.framework in Frameworks */ = {isa = PBXBuildFile; fileRef = 9560F1B61AD9A1170085F9EA /* CFNetwork.framework */; };
		9560F1B91AD9A1220085F9EA /* CoreGraphics.framework in Frameworks */ = {isa = PBXBuildFile; fileRef = 9560F1B81AD9A1220085F9EA /* CoreGraphics.framework */; };
		9560F1BB1AD9A12E0085F9EA /* CoreLocation.framework in Frameworks */ = {isa = PBXBuildFile; fileRef = 9560F1BA1AD9A12E0085F9EA /* CoreLocation.framework */; };
		9560F1BD1AD9A1360085F9EA /* MobileCoreServices.framework in Frameworks */ = {isa = PBXBuildFile; fileRef = 9560F1BC1AD9A1360085F9EA /* MobileCoreServices.framework */; };
		9560F1BF1AD9A13F0085F9EA /* QuartzCore.framework in Frameworks */ = {isa = PBXBuildFile; fileRef = 9560F1BE1AD9A13F0085F9EA /* QuartzCore.framework */; };
		9560F1C11AD9A1470085F9EA /* Security.framework in Frameworks */ = {isa = PBXBuildFile; fileRef = 9560F1C01AD9A1470085F9EA /* Security.framework */; };
		9560F1C51AD9A15C0085F9EA /* SystemConfiguration.framework in Frameworks */ = {isa = PBXBuildFile; fileRef = 9560F1C41AD9A15C0085F9EA /* SystemConfiguration.framework */; };
		9560F1C71AD9A1660085F9EA /* libz.dylib in Frameworks */ = {isa = PBXBuildFile; fileRef = 9560F1C61AD9A1660085F9EA /* libz.dylib */; };
		9560F1C91AD9A1740085F9EA /* libsqlite3.dylib in Frameworks */ = {isa = PBXBuildFile; fileRef = 9560F1C81AD9A1740085F9EA /* libsqlite3.dylib */; };
		9562F58F1ADC0B6100BC28B2 /* Media.xcassets in Resources */ = {isa = PBXBuildFile; fileRef = 9562F58E1ADC0B6100BC28B2 /* Media.xcassets */; };
		95CAD5B51ADB6CCE008CC7A1 /* time.swift in Sources */ = {isa = PBXBuildFile; fileRef = 95CAD5B41ADB6CCE008CC7A1 /* time.swift */; };
		95DF572E1ADBA065007D987C /* blackrest.png in Resources */ = {isa = PBXBuildFile; fileRef = 95DF572C1ADBA065007D987C /* blackrest.png */; };
		F13F1FE01C960E3600FC87AD /* angry.png in Resources */ = {isa = PBXBuildFile; fileRef = F13F1FDF1C960E3600FC87AD /* angry.png */; };
		F13F1FE21C960E4600FC87AD /* happy.png in Resources */ = {isa = PBXBuildFile; fileRef = F13F1FE11C960E4600FC87AD /* happy.png */; };
		F13F1FE41C960E5300FC87AD /* sad.png in Resources */ = {isa = PBXBuildFile; fileRef = F13F1FE31C960E5300FC87AD /* sad.png */; };
		F13F1FE61C960E5C00FC87AD /* veryAngry.png in Resources */ = {isa = PBXBuildFile; fileRef = F13F1FE51C960E5C00FC87AD /* veryAngry.png */; };
		F13F1FE81C960E6400FC87AD /* veryHappy.png in Resources */ = {isa = PBXBuildFile; fileRef = F13F1FE71C960E6400FC87AD /* veryHappy.png */; };
		F13F1FEA1C99099F00FC87AD /* Recording.swift in Sources */ = {isa = PBXBuildFile; fileRef = F13F1FE91C99099E00FC87AD /* Recording.swift */; };
		F13F1FEC1C990C8C00FC87AD /* RecordingViewController.swift in Sources */ = {isa = PBXBuildFile; fileRef = F13F1FEB1C990C8C00FC87AD /* RecordingViewController.swift */; };
		F17129061C7119B80037407C /* SurveySummary.swift in Sources */ = {isa = PBXBuildFile; fileRef = F17129051C7119B80037407C /* SurveySummary.swift */; };
		F17129081C71343F0037407C /* SurveySummaryViewController.swift in Sources */ = {isa = PBXBuildFile; fileRef = F17129071C71343F0037407C /* SurveySummaryViewController.swift */; };
		F171290A1C7147480037407C /* Queue.swift in Sources */ = {isa = PBXBuildFile; fileRef = F17129091C7147480037407C /* Queue.swift */; };
		F181747E1C68FEB8006431E7 /* TestThread.swift in Sources */ = {isa = PBXBuildFile; fileRef = F181747D1C68FEB8006431E7 /* TestThread.swift */; };
		F1C373E61C8278E5003E3EAB /* MissedSurveyTableViewController.swift in Sources */ = {isa = PBXBuildFile; fileRef = F1C373E51C8278E5003E3EAB /* MissedSurveyTableViewController.swift */; };
		F1E9FAA41CD296BC00E44821 /* surveyViewController.swift in Sources */ = {isa = PBXBuildFile; fileRef = F1E9FAA31CD296BC00E44821 /* surveyViewController.swift */; };
/* End PBXBuildFile section */

/* Begin PBXContainerItemProxy section */
		9560F1801AD99EA90085F9EA /* PBXContainerItemProxy */ = {
			isa = PBXContainerItemProxy;
			containerPortal = 9560F1621AD99EA80085F9EA /* Project object */;
			proxyType = 1;
			remoteGlobalIDString = 9560F1691AD99EA90085F9EA;
			remoteInfo = WellnessApp;
		};
/* End PBXContainerItemProxy section */

/* Begin PBXFileReference section */
		0B4CE71509C70E9B48EEF491 /* Pods.framework */ = {isa = PBXFileReference; explicitFileType = wrapper.framework; includeInIndex = 0; path = Pods.framework; sourceTree = BUILT_PRODUCTS_DIR; };
		42B426F01B486C9E00CD42F5 /* user.plist */ = {isa = PBXFileReference; fileEncoding = 4; lastKnownFileType = text.plist.xml; path = user.plist; sourceTree = "<group>"; };
		42B426F21B4875B900CD42F5 /* SimpleLoginViewController.swift */ = {isa = PBXFileReference; fileEncoding = 4; lastKnownFileType = sourcecode.swift; path = SimpleLoginViewController.swift; sourceTree = "<group>"; };
		42B426F41B4877F200CD42F5 /* SwiftUtils.swift */ = {isa = PBXFileReference; fileEncoding = 4; lastKnownFileType = sourcecode.swift; path = SwiftUtils.swift; sourceTree = "<group>"; };
		42BCA1131C02C09200E02FCA /* consentViewController.swift */ = {isa = PBXFileReference; fileEncoding = 4; lastKnownFileType = sourcecode.swift; path = consentViewController.swift; sourceTree = "<group>"; };
		950639F51AEEE0480054E37C /* WellnessApp-Bridging-Header.h */ = {isa = PBXFileReference; lastKnownFileType = sourcecode.c.h; path = "WellnessApp-Bridging-Header.h"; sourceTree = "<group>"; };
		9521C6BC1B04686100D53C8C /* textResponseTableViewCell.swift */ = {isa = PBXFileReference; fileEncoding = 4; lastKnownFileType = sourcecode.swift; path = textResponseTableViewCell.swift; sourceTree = "<group>"; };
		95285CA81AF5BE81001989B7 /* TLTiltSlider.h */ = {isa = PBXFileReference; fileEncoding = 4; lastKnownFileType = sourcecode.c.h; path = TLTiltSlider.h; sourceTree = "<group>"; };
		95285CA91AF5BE81001989B7 /* TLTiltSlider.m */ = {isa = PBXFileReference; fileEncoding = 4; lastKnownFileType = sourcecode.c.objc; path = TLTiltSlider.m; sourceTree = "<group>"; };
		95285CAC1AF5BF15001989B7 /* higlightedBarBackground@2x.png */ = {isa = PBXFileReference; lastKnownFileType = image.png; path = "higlightedBarBackground@2x.png"; sourceTree = "<group>"; };
		95285CAD1AF5BF15001989B7 /* trackBackground@2x.png */ = {isa = PBXFileReference; lastKnownFileType = image.png; path = "trackBackground@2x.png"; sourceTree = "<group>"; };
		95285CB01AF5BF45001989B7 /* CoreMotion.framework */ = {isa = PBXFileReference; lastKnownFileType = wrapper.framework; name = CoreMotion.framework; path = System/Library/Frameworks/CoreMotion.framework; sourceTree = SDKROOT; };
		953291BE1AFDD15A008106F0 /* responses.swift */ = {isa = PBXFileReference; fileEncoding = 4; lastKnownFileType = sourcecode.swift; name = responses.swift; path = WellnessApp/responses.swift; sourceTree = "<group>"; };
		954342F61AE4A9AD002945DE /* down.png */ = {isa = PBXFileReference; lastKnownFileType = image.png; path = down.png; sourceTree = "<group>"; };
		954342F81AE4A9FF002945DE /* up.png */ = {isa = PBXFileReference; lastKnownFileType = image.png; path = up.png; sourceTree = "<group>"; };
		9548A5A31AF5433F00189D28 /* IJReachability.swift */ = {isa = PBXFileReference; fileEncoding = 4; lastKnownFileType = sourcecode.swift; path = IJReachability.swift; sourceTree = "<group>"; };
		9559CE2C1AD9F86700DDE65B /* homeTableViewController.swift */ = {isa = PBXFileReference; fileEncoding = 4; lastKnownFileType = sourcecode.swift; path = homeTableViewController.swift; sourceTree = "<group>"; };
		9559CE2D1AD9F86700DDE65B /* homeTableViewCell.swift */ = {isa = PBXFileReference; fileEncoding = 4; lastKnownFileType = sourcecode.swift; path = homeTableViewCell.swift; sourceTree = "<group>"; };
		9559CE2E1AD9F86700DDE65B /* loginViewController.swift */ = {isa = PBXFileReference; fileEncoding = 4; lastKnownFileType = sourcecode.swift; path = loginViewController.swift; sourceTree = "<group>"; };
		9559CE2F1AD9F86700DDE65B /* signinViewController.swift */ = {isa = PBXFileReference; fileEncoding = 4; lastKnownFileType = sourcecode.swift; path = signinViewController.swift; sourceTree = "<group>"; };
		9559CE341AD9FB3C00DDE65B /* survey.swift */ = {isa = PBXFileReference; fileEncoding = 4; lastKnownFileType = sourcecode.swift; name = survey.swift; path = WellnessApp/survey.swift; sourceTree = "<group>"; };
		9559CE361ADA03E800DDE65B /* question.swift */ = {isa = PBXFileReference; fileEncoding = 4; lastKnownFileType = sourcecode.swift; name = question.swift; path = WellnessApp/question.swift; sourceTree = "<group>"; };
		9559CE381ADA078D00DDE65B /* Faith.jpg */ = {isa = PBXFileReference; lastKnownFileType = image.jpeg; path = Faith.jpg; sourceTree = "<group>"; };
		9559CE391ADA078D00DDE65B /* mood.jpg */ = {isa = PBXFileReference; lastKnownFileType = image.jpeg; path = mood.jpg; sourceTree = "<group>"; };
		9559CE3A1ADA078D00DDE65B /* Reconstruction.jpg */ = {isa = PBXFileReference; lastKnownFileType = image.jpeg; path = Reconstruction.jpg; sourceTree = "<group>"; };
		9559CE3B1ADA078D00DDE65B /* social-1.jpg */ = {isa = PBXFileReference; lastKnownFileType = image.jpeg; path = "social-1.jpg"; sourceTree = "<group>"; };
		9559CE3C1ADA078D00DDE65B /* wellness.jpg */ = {isa = PBXFileReference; lastKnownFileType = image.jpeg; path = wellness.jpg; sourceTree = "<group>"; };
		9559CE3D1ADA078D00DDE65B /* sleep.jpg */ = {isa = PBXFileReference; lastKnownFileType = image.jpeg; path = sleep.jpg; sourceTree = "<group>"; };
		9559CE441ADA090300DDE65B /* SurveyTableViewController.swift */ = {isa = PBXFileReference; fileEncoding = 4; lastKnownFileType = sourcecode.swift; name = SurveyTableViewController.swift; path = WellnessApp/SurveyTableViewController.swift; sourceTree = "<group>"; };
		9559CE461ADA183800DDE65B /* sliderTableViewCell.swift */ = {isa = PBXFileReference; fileEncoding = 4; lastKnownFileType = sourcecode.swift; name = sliderTableViewCell.swift; path = WellnessApp/sliderTableViewCell.swift; sourceTree = "<group>"; };
		9559CE481ADA197000DDE65B /* buttonTableViewCell.swift */ = {isa = PBXFileReference; fileEncoding = 4; lastKnownFileType = sourcecode.swift; name = buttonTableViewCell.swift; path = WellnessApp/buttonTableViewCell.swift; sourceTree = "<group>"; };
		9559CE4A1ADA29F800DDE65B /* questionHeaderAnswerView.swift */ = {isa = PBXFileReference; fileEncoding = 4; lastKnownFileType = sourcecode.swift; path = questionHeaderAnswerView.swift; sourceTree = "<group>"; };
		956023621AEE122C00F94C77 /* generic.png */ = {isa = PBXFileReference; lastKnownFileType = image.png; path = generic.png; sourceTree = "<group>"; };
		956023631AEE122C00F94C77 /* noBack.png */ = {isa = PBXFileReference; lastKnownFileType = image.png; path = noBack.png; sourceTree = "<group>"; };
		956023661AEE191F00F94C77 /* CustomHeaderCell.swift */ = {isa = PBXFileReference; fileEncoding = 4; lastKnownFileType = sourcecode.swift; path = CustomHeaderCell.swift; sourceTree = "<group>"; };
		9560F16A1AD99EA90085F9EA /* WellnessApp.app */ = {isa = PBXFileReference; explicitFileType = wrapper.application; includeInIndex = 0; path = WellnessApp.app; sourceTree = BUILT_PRODUCTS_DIR; };
		9560F16E1AD99EA90085F9EA /* Info.plist */ = {isa = PBXFileReference; lastKnownFileType = text.plist.xml; path = Info.plist; sourceTree = "<group>"; };
		9560F16F1AD99EA90085F9EA /* AppDelegate.swift */ = {isa = PBXFileReference; lastKnownFileType = sourcecode.swift; path = AppDelegate.swift; sourceTree = "<group>"; };
		9560F1741AD99EA90085F9EA /* Base */ = {isa = PBXFileReference; lastKnownFileType = file.storyboard; name = Base; path = Base.lproj/Main.storyboard; sourceTree = "<group>"; };
		9560F1761AD99EA90085F9EA /* Images.xcassets */ = {isa = PBXFileReference; lastKnownFileType = folder.assetcatalog; path = Images.xcassets; sourceTree = "<group>"; };
		9560F1791AD99EA90085F9EA /* Base */ = {isa = PBXFileReference; lastKnownFileType = file.xib; name = Base; path = Base.lproj/LaunchScreen.xib; sourceTree = "<group>"; };
		9560F17F1AD99EA90085F9EA /* WellnessAppTests.xctest */ = {isa = PBXFileReference; explicitFileType = wrapper.cfbundle; includeInIndex = 0; path = WellnessAppTests.xctest; sourceTree = BUILT_PRODUCTS_DIR; };
		9560F1841AD99EA90085F9EA /* Info.plist */ = {isa = PBXFileReference; lastKnownFileType = text.plist.xml; path = Info.plist; sourceTree = "<group>"; };
		9560F1851AD99EA90085F9EA /* WellnessAppTests.swift */ = {isa = PBXFileReference; lastKnownFileType = sourcecode.swift; path = WellnessAppTests.swift; sourceTree = "<group>"; };
		9560F1A81AD9A0C10085F9EA /* Parse.framework */ = {isa = PBXFileReference; lastKnownFileType = wrapper.framework; path = Parse.framework; sourceTree = "<group>"; };
		9560F1A91AD9A0C10085F9EA /* ParseFacebookUtils.framework */ = {isa = PBXFileReference; lastKnownFileType = wrapper.framework; path = ParseFacebookUtils.framework; sourceTree = "<group>"; };
		9560F1AA1AD9A0C10085F9EA /* ParseFacebookUtilsV4.framework */ = {isa = PBXFileReference; lastKnownFileType = wrapper.framework; path = ParseFacebookUtilsV4.framework; sourceTree = "<group>"; };
		9560F1AB1AD9A0C10085F9EA /* Bolts.framework */ = {isa = PBXFileReference; lastKnownFileType = wrapper.framework; path = Bolts.framework; sourceTree = "<group>"; };
		9560F1AC1AD9A0C10085F9EA /* ParseCrashReporting.framework */ = {isa = PBXFileReference; lastKnownFileType = wrapper.framework; path = ParseCrashReporting.framework; sourceTree = "<group>"; };
		9560F1AD1AD9A0C10085F9EA /* ParseUI.framework */ = {isa = PBXFileReference; lastKnownFileType = wrapper.framework; path = ParseUI.framework; sourceTree = "<group>"; };
		9560F1B41AD9A1000085F9EA /* AudioToolbox.framework */ = {isa = PBXFileReference; lastKnownFileType = wrapper.framework; name = AudioToolbox.framework; path = System/Library/Frameworks/AudioToolbox.framework; sourceTree = SDKROOT; };
		9560F1B61AD9A1170085F9EA /* CFNetwork.framework */ = {isa = PBXFileReference; lastKnownFileType = wrapper.framework; name = CFNetwork.framework; path = System/Library/Frameworks/CFNetwork.framework; sourceTree = SDKROOT; };
		9560F1B81AD9A1220085F9EA /* CoreGraphics.framework */ = {isa = PBXFileReference; lastKnownFileType = wrapper.framework; name = CoreGraphics.framework; path = System/Library/Frameworks/CoreGraphics.framework; sourceTree = SDKROOT; };
		9560F1BA1AD9A12E0085F9EA /* CoreLocation.framework */ = {isa = PBXFileReference; lastKnownFileType = wrapper.framework; name = CoreLocation.framework; path = System/Library/Frameworks/CoreLocation.framework; sourceTree = SDKROOT; };
		9560F1BC1AD9A1360085F9EA /* MobileCoreServices.framework */ = {isa = PBXFileReference; lastKnownFileType = wrapper.framework; name = MobileCoreServices.framework; path = System/Library/Frameworks/MobileCoreServices.framework; sourceTree = SDKROOT; };
		9560F1BE1AD9A13F0085F9EA /* QuartzCore.framework */ = {isa = PBXFileReference; lastKnownFileType = wrapper.framework; name = QuartzCore.framework; path = System/Library/Frameworks/QuartzCore.framework; sourceTree = SDKROOT; };
		9560F1C01AD9A1470085F9EA /* Security.framework */ = {isa = PBXFileReference; lastKnownFileType = wrapper.framework; name = Security.framework; path = System/Library/Frameworks/Security.framework; sourceTree = SDKROOT; };
		9560F1C41AD9A15C0085F9EA /* SystemConfiguration.framework */ = {isa = PBXFileReference; lastKnownFileType = wrapper.framework; name = SystemConfiguration.framework; path = System/Library/Frameworks/SystemConfiguration.framework; sourceTree = SDKROOT; };
		9560F1C61AD9A1660085F9EA /* libz.dylib */ = {isa = PBXFileReference; lastKnownFileType = "compiled.mach-o.dylib"; name = libz.dylib; path = usr/lib/libz.dylib; sourceTree = SDKROOT; };
		9560F1C81AD9A1740085F9EA /* libsqlite3.dylib */ = {isa = PBXFileReference; lastKnownFileType = "compiled.mach-o.dylib"; name = libsqlite3.dylib; path = usr/lib/libsqlite3.dylib; sourceTree = SDKROOT; };
		9562F58E1ADC0B6100BC28B2 /* Media.xcassets */ = {isa = PBXFileReference; lastKnownFileType = folder.assetcatalog; name = Media.xcassets; path = ../Media.xcassets; sourceTree = "<group>"; };
		95CAD5B41ADB6CCE008CC7A1 /* time.swift */ = {isa = PBXFileReference; fileEncoding = 4; lastKnownFileType = sourcecode.swift; name = time.swift; path = ../time.swift; sourceTree = "<group>"; };
		95DF572B1ADBA065007D987C /* well_beingicon2.png */ = {isa = PBXFileReference; lastKnownFileType = image.png; path = well_beingicon2.png; sourceTree = "<group>"; };
		95DF572C1ADBA065007D987C /* blackrest.png */ = {isa = PBXFileReference; lastKnownFileType = image.png; path = blackrest.png; sourceTree = "<group>"; };
		F13F1FDF1C960E3600FC87AD /* angry.png */ = {isa = PBXFileReference; lastKnownFileType = image.png; path = angry.png; sourceTree = "<group>"; };
		F13F1FE11C960E4600FC87AD /* happy.png */ = {isa = PBXFileReference; lastKnownFileType = image.png; path = happy.png; sourceTree = "<group>"; };
		F13F1FE31C960E5300FC87AD /* sad.png */ = {isa = PBXFileReference; lastKnownFileType = image.png; path = sad.png; sourceTree = "<group>"; };
		F13F1FE51C960E5C00FC87AD /* veryAngry.png */ = {isa = PBXFileReference; lastKnownFileType = image.png; path = veryAngry.png; sourceTree = "<group>"; };
		F13F1FE71C960E6400FC87AD /* veryHappy.png */ = {isa = PBXFileReference; lastKnownFileType = image.png; path = veryHappy.png; sourceTree = "<group>"; };
		F13F1FE91C99099E00FC87AD /* Recording.swift */ = {isa = PBXFileReference; fileEncoding = 4; lastKnownFileType = sourcecode.swift; name = Recording.swift; path = ../Recording.swift; sourceTree = "<group>"; };
		F13F1FEB1C990C8C00FC87AD /* RecordingViewController.swift */ = {isa = PBXFileReference; fileEncoding = 4; lastKnownFileType = sourcecode.swift; path = RecordingViewController.swift; sourceTree = "<group>"; };
		F17129051C7119B80037407C /* SurveySummary.swift */ = {isa = PBXFileReference; fileEncoding = 4; lastKnownFileType = sourcecode.swift; path = SurveySummary.swift; sourceTree = "<group>"; };
		F17129071C71343F0037407C /* SurveySummaryViewController.swift */ = {isa = PBXFileReference; fileEncoding = 4; lastKnownFileType = sourcecode.swift; path = SurveySummaryViewController.swift; sourceTree = "<group>"; };
		F17129091C7147480037407C /* Queue.swift */ = {isa = PBXFileReference; fileEncoding = 4; lastKnownFileType = sourcecode.swift; path = Queue.swift; sourceTree = "<group>"; };
		F181747D1C68FEB8006431E7 /* TestThread.swift */ = {isa = PBXFileReference; fileEncoding = 4; lastKnownFileType = sourcecode.swift; path = TestThread.swift; sourceTree = "<group>"; };
		F1C373E51C8278E5003E3EAB /* MissedSurveyTableViewController.swift */ = {isa = PBXFileReference; fileEncoding = 4; lastKnownFileType = sourcecode.swift; path = MissedSurveyTableViewController.swift; sourceTree = "<group>"; };
		F1E9FAA31CD296BC00E44821 /* surveyViewController.swift */ = {isa = PBXFileReference; fileEncoding = 4; lastKnownFileType = sourcecode.swift; name = surveyViewController.swift; path = WellnessApp/surveyViewController.swift; sourceTree = "<group>"; };
/* End PBXFileReference section */

/* Begin PBXFrameworksBuildPhase section */
		9560F1671AD99EA90085F9EA /* Frameworks */ = {
			isa = PBXFrameworksBuildPhase;
			buildActionMask = 2147483647;
			files = (
				95285CB11AF5BF45001989B7 /* CoreMotion.framework in Frameworks */,
				9560F1C91AD9A1740085F9EA /* libsqlite3.dylib in Frameworks */,
				9560F1C71AD9A1660085F9EA /* libz.dylib in Frameworks */,
				9560F1C51AD9A15C0085F9EA /* SystemConfiguration.framework in Frameworks */,
				9560F1C11AD9A1470085F9EA /* Security.framework in Frameworks */,
				9560F1BF1AD9A13F0085F9EA /* QuartzCore.framework in Frameworks */,
				9560F1BD1AD9A1360085F9EA /* MobileCoreServices.framework in Frameworks */,
				9560F1BB1AD9A12E0085F9EA /* CoreLocation.framework in Frameworks */,
				9560F1B91AD9A1220085F9EA /* CoreGraphics.framework in Frameworks */,
				9560F1B71AD9A1170085F9EA /* CFNetwork.framework in Frameworks */,
				9560F1B51AD9A1000085F9EA /* AudioToolbox.framework in Frameworks */,
				9560F1B31AD9A0C10085F9EA /* ParseUI.framework in Frameworks */,
				9560F1AF1AD9A0C10085F9EA /* ParseFacebookUtils.framework in Frameworks */,
				9560F1B21AD9A0C10085F9EA /* ParseCrashReporting.framework in Frameworks */,
				9560F1AE1AD9A0C10085F9EA /* Parse.framework in Frameworks */,
				9560F1B01AD9A0C10085F9EA /* ParseFacebookUtilsV4.framework in Frameworks */,
				9560F1B11AD9A0C10085F9EA /* Bolts.framework in Frameworks */,
			);
			runOnlyForDeploymentPostprocessing = 0;
		};
		9560F17C1AD99EA90085F9EA /* Frameworks */ = {
			isa = PBXFrameworksBuildPhase;
			buildActionMask = 2147483647;
			files = (
			);
			runOnlyForDeploymentPostprocessing = 0;
		};
/* End PBXFrameworksBuildPhase section */

/* Begin PBXGroup section */
		950639CB1AEEC9560054E37C /* Survey screen */ = {
			isa = PBXGroup;
			children = (
				F1E9FAA31CD296BC00E44821 /* surveyViewController.swift */,
				953291BE1AFDD15A008106F0 /* responses.swift */,
				9559CE4A1ADA29F800DDE65B /* questionHeaderAnswerView.swift */,
				9559CE461ADA183800DDE65B /* sliderTableViewCell.swift */,
				9559CE361ADA03E800DDE65B /* question.swift */,
				9559CE341AD9FB3C00DDE65B /* survey.swift */,
				9559CE481ADA197000DDE65B /* buttonTableViewCell.swift */,
				9559CE441ADA090300DDE65B /* SurveyTableViewController.swift */,
				9521C6BC1B04686100D53C8C /* textResponseTableViewCell.swift */,
			);
			name = "Survey screen";
			path = ..;
			sourceTree = "<group>";
		};
		950639F41AEEE0330054E37C /* sliders */ = {
			isa = PBXGroup;
			children = (
				95285CA81AF5BE81001989B7 /* TLTiltSlider.h */,
				95285CA91AF5BE81001989B7 /* TLTiltSlider.m */,
				950639F51AEEE0480054E37C /* WellnessApp-Bridging-Header.h */,
			);
			name = sliders;
			sourceTree = "<group>";
		};
		95285CAB1AF5BF15001989B7 /* Resources */ = {
			isa = PBXGroup;
			children = (
				95285CAC1AF5BF15001989B7 /* higlightedBarBackground@2x.png */,
				95285CAD1AF5BF15001989B7 /* trackBackground@2x.png */,
			);
			path = Resources;
			sourceTree = "<group>";
		};
		954342FA1AE97B82002945DE /* homescreen */ = {
			isa = PBXGroup;
			children = (
				9559CE2C1AD9F86700DDE65B /* homeTableViewController.swift */,
				956023661AEE191F00F94C77 /* CustomHeaderCell.swift */,
				9559CE2D1AD9F86700DDE65B /* homeTableViewCell.swift */,
			);
			name = homescreen;
			sourceTree = "<group>";
		};
		9559CE4C1ADACC2800DDE65B /* login/homescreen */ = {
			isa = PBXGroup;
			children = (
				9559CE2E1AD9F86700DDE65B /* loginViewController.swift */,
				9559CE2F1AD9F86700DDE65B /* signinViewController.swift */,
				42B426F21B4875B900CD42F5 /* SimpleLoginViewController.swift */,
				42BCA1131C02C09200E02FCA /* consentViewController.swift */,
			);
			name = login/homescreen;
			sourceTree = "<group>";
		};
		9560F1611AD99EA80085F9EA = {
			isa = PBXGroup;
			children = (
				9560F16C1AD99EA90085F9EA /* WellnessApp */,
				9560F1821AD99EA90085F9EA /* WellnessAppTests */,
				9560F16B1AD99EA90085F9EA /* Products */,
				9560F18F1AD99F370085F9EA /* Frameworks */,
			);
			sourceTree = "<group>";
		};
		9560F16B1AD99EA90085F9EA /* Products */ = {
			isa = PBXGroup;
			children = (
				9560F16A1AD99EA90085F9EA /* WellnessApp.app */,
				9560F17F1AD99EA90085F9EA /* WellnessAppTests.xctest */,
			);
			name = Products;
			sourceTree = "<group>";
		};
		9560F16C1AD99EA90085F9EA /* WellnessApp */ = {
			isa = PBXGroup;
			children = (
				F17129021C7117250037407C /* SurveySummary */,
				950639F41AEEE0330054E37C /* sliders */,
				954342FA1AE97B82002945DE /* homescreen */,
				9559CE4C1ADACC2800DDE65B /* login/homescreen */,
				950639CB1AEEC9560054E37C /* Survey screen */,
				9560F16F1AD99EA90085F9EA /* AppDelegate.swift */,
				F17129091C7147480037407C /* Queue.swift */,
				F181747D1C68FEB8006431E7 /* TestThread.swift */,
				9560F1731AD99EA90085F9EA /* Main.storyboard */,
				F13F1FE91C99099E00FC87AD /* Recording.swift */,
				F13F1FEB1C990C8C00FC87AD /* RecordingViewController.swift */,
				9560F16D1AD99EA90085F9EA /* Supporting Files */,
			);
			path = WellnessApp;
			sourceTree = "<group>";
		};
		9560F16D1AD99EA90085F9EA /* Supporting Files */ = {
			isa = PBXGroup;
			children = (
				9548A5A31AF5433F00189D28 /* IJReachability.swift */,
				95285CAB1AF5BF15001989B7 /* Resources */,
				9560F1781AD99EA90085F9EA /* LaunchScreen.xib */,
				95CAD5B41ADB6CCE008CC7A1 /* time.swift */,
				9562F58E1ADC0B6100BC28B2 /* Media.xcassets */,
				9560F1761AD99EA90085F9EA /* Images.xcassets */,
				954342F81AE4A9FF002945DE /* up.png */,
				95DF572B1ADBA065007D987C /* well_beingicon2.png */,
				954342F61AE4A9AD002945DE /* down.png */,
				F13F1FDF1C960E3600FC87AD /* angry.png */,
				F13F1FE11C960E4600FC87AD /* happy.png */,
				F13F1FE31C960E5300FC87AD /* sad.png */,
				F13F1FE51C960E5C00FC87AD /* veryAngry.png */,
				F13F1FE71C960E6400FC87AD /* veryHappy.png */,
				956023621AEE122C00F94C77 /* generic.png */,
				956023631AEE122C00F94C77 /* noBack.png */,
				9559CE381ADA078D00DDE65B /* Faith.jpg */,
				95DF572C1ADBA065007D987C /* blackrest.png */,
				9559CE391ADA078D00DDE65B /* mood.jpg */,
				9559CE3A1ADA078D00DDE65B /* Reconstruction.jpg */,
				9559CE3B1ADA078D00DDE65B /* social-1.jpg */,
				9559CE3C1ADA078D00DDE65B /* wellness.jpg */,
				9559CE3D1ADA078D00DDE65B /* sleep.jpg */,
				9560F16E1AD99EA90085F9EA /* Info.plist */,
				42B426F01B486C9E00CD42F5 /* user.plist */,
				42B426F41B4877F200CD42F5 /* SwiftUtils.swift */,
			);
			name = "Supporting Files";
			sourceTree = "<group>";
		};
		9560F1821AD99EA90085F9EA /* WellnessAppTests */ = {
			isa = PBXGroup;
			children = (
				9560F1851AD99EA90085F9EA /* WellnessAppTests.swift */,
				9560F1831AD99EA90085F9EA /* Supporting Files */,
			);
			path = WellnessAppTests;
			sourceTree = "<group>";
		};
		9560F1831AD99EA90085F9EA /* Supporting Files */ = {
			isa = PBXGroup;
			children = (
				9560F1841AD99EA90085F9EA /* Info.plist */,
			);
			name = "Supporting Files";
			sourceTree = "<group>";
		};
		9560F18F1AD99F370085F9EA /* Frameworks */ = {
			isa = PBXGroup;
			children = (
				95285CB01AF5BF45001989B7 /* CoreMotion.framework */,
				9560F1C81AD9A1740085F9EA /* libsqlite3.dylib */,
				9560F1C61AD9A1660085F9EA /* libz.dylib */,
				9560F1C41AD9A15C0085F9EA /* SystemConfiguration.framework */,
				9560F1C01AD9A1470085F9EA /* Security.framework */,
				9560F1BE1AD9A13F0085F9EA /* QuartzCore.framework */,
				9560F1BC1AD9A1360085F9EA /* MobileCoreServices.framework */,
				9560F1BA1AD9A12E0085F9EA /* CoreLocation.framework */,
				9560F1B81AD9A1220085F9EA /* CoreGraphics.framework */,
				9560F1B61AD9A1170085F9EA /* CFNetwork.framework */,
				9560F1B41AD9A1000085F9EA /* AudioToolbox.framework */,
				9560F1A81AD9A0C10085F9EA /* Parse.framework */,
				9560F1A91AD9A0C10085F9EA /* ParseFacebookUtils.framework */,
				9560F1AA1AD9A0C10085F9EA /* ParseFacebookUtilsV4.framework */,
				9560F1AB1AD9A0C10085F9EA /* Bolts.framework */,
				9560F1AC1AD9A0C10085F9EA /* ParseCrashReporting.framework */,
				9560F1AD1AD9A0C10085F9EA /* ParseUI.framework */,
				0B4CE71509C70E9B48EEF491 /* Pods.framework */,
			);
			name = Frameworks;
			sourceTree = "<group>";
		};
		F17129021C7117250037407C /* SurveySummary */ = {
			isa = PBXGroup;
			children = (
				F17129051C7119B80037407C /* SurveySummary.swift */,
				F17129071C71343F0037407C /* SurveySummaryViewController.swift */,
				F1C373E51C8278E5003E3EAB /* MissedSurveyTableViewController.swift */,
			);
			name = SurveySummary;
			sourceTree = "<group>";
		};
/* End PBXGroup section */

/* Begin PBXNativeTarget section */
		9560F1691AD99EA90085F9EA /* WellnessApp */ = {
			isa = PBXNativeTarget;
			buildConfigurationList = 9560F1891AD99EA90085F9EA /* Build configuration list for PBXNativeTarget "WellnessApp" */;
			buildPhases = (
				9560F1661AD99EA90085F9EA /* Sources */,
				9560F1671AD99EA90085F9EA /* Frameworks */,
				9560F1681AD99EA90085F9EA /* Resources */,
			);
			buildRules = (
			);
			dependencies = (
			);
			name = WellnessApp;
			productName = WellnessApp;
			productReference = 9560F16A1AD99EA90085F9EA /* WellnessApp.app */;
			productType = "com.apple.product-type.application";
		};
		9560F17E1AD99EA90085F9EA /* WellnessAppTests */ = {
			isa = PBXNativeTarget;
			buildConfigurationList = 9560F18C1AD99EA90085F9EA /* Build configuration list for PBXNativeTarget "WellnessAppTests" */;
			buildPhases = (
				9560F17B1AD99EA90085F9EA /* Sources */,
				9560F17C1AD99EA90085F9EA /* Frameworks */,
				9560F17D1AD99EA90085F9EA /* Resources */,
			);
			buildRules = (
			);
			dependencies = (
				9560F1811AD99EA90085F9EA /* PBXTargetDependency */,
			);
			name = WellnessAppTests;
			productName = WellnessAppTests;
			productReference = 9560F17F1AD99EA90085F9EA /* WellnessAppTests.xctest */;
			productType = "com.apple.product-type.bundle.unit-test";
		};
/* End PBXNativeTarget section */

/* Begin PBXProject section */
		9560F1621AD99EA80085F9EA /* Project object */ = {
			isa = PBXProject;
			attributes = {
				LastSwiftMigration = 0720;
				LastSwiftUpdateCheck = 0720;
				LastUpgradeCheck = 0720;
				ORGANIZATIONNAME = anna;
				TargetAttributes = {
					9560F1691AD99EA90085F9EA = {
						CreatedOnToolsVersion = 6.3;
						DevelopmentTeam = 47J734W9F8;
						SystemCapabilities = {
							com.apple.InAppPurchase = {
								enabled = 0;
							};
						};
					};
					9560F17E1AD99EA90085F9EA = {
						CreatedOnToolsVersion = 6.3;
						TestTargetID = 9560F1691AD99EA90085F9EA;
					};
				};
			};
			buildConfigurationList = 9560F1651AD99EA80085F9EA /* Build configuration list for PBXProject "WellnessApp" */;
			compatibilityVersion = "Xcode 3.2";
			developmentRegion = English;
			hasScannedForEncodings = 0;
			knownRegions = (
				en,
				Base,
			);
			mainGroup = 9560F1611AD99EA80085F9EA;
			productRefGroup = 9560F16B1AD99EA90085F9EA /* Products */;
			projectDirPath = "";
			projectRoot = "";
			targets = (
				9560F1691AD99EA90085F9EA /* WellnessApp */,
				9560F17E1AD99EA90085F9EA /* WellnessAppTests */,
			);
		};
/* End PBXProject section */

/* Begin PBXResourcesBuildPhase section */
		9560F1681AD99EA90085F9EA /* Resources */ = {
			isa = PBXResourcesBuildPhase;
			buildActionMask = 2147483647;
			files = (
				95285CAF1AF5BF15001989B7 /* trackBackground@2x.png in Resources */,
				954342F91AE4A9FF002945DE /* up.png in Resources */,
				9559CE421ADA078D00DDE65B /* wellness.jpg in Resources */,
				9559CE431ADA078D00DDE65B /* sleep.jpg in Resources */,
				F13F1FE01C960E3600FC87AD /* angry.png in Resources */,
				9559CE411ADA078D00DDE65B /* social-1.jpg in Resources */,
				F13F1FE41C960E5300FC87AD /* sad.png in Resources */,
				954342F71AE4A9AD002945DE /* down.png in Resources */,
				95DF572E1ADBA065007D987C /* blackrest.png in Resources */,
				9559CE3E1ADA078D00DDE65B /* Faith.jpg in Resources */,
				9559CE3F1ADA078D00DDE65B /* mood.jpg in Resources */,
				9560F1751AD99EA90085F9EA /* Main.storyboard in Resources */,
				9560F17A1AD99EA90085F9EA /* LaunchScreen.xib in Resources */,
				F13F1FE21C960E4600FC87AD /* happy.png in Resources */,
				F13F1FE81C960E6400FC87AD /* veryHappy.png in Resources */,
				956023651AEE122C00F94C77 /* noBack.png in Resources */,
				9560F1771AD99EA90085F9EA /* Images.xcassets in Resources */,
				42B426F11B486C9E00CD42F5 /* user.plist in Resources */,
				9562F58F1ADC0B6100BC28B2 /* Media.xcassets in Resources */,
				95285CAE1AF5BF15001989B7 /* higlightedBarBackground@2x.png in Resources */,
				9559CE401ADA078D00DDE65B /* Reconstruction.jpg in Resources */,
				956023641AEE122C00F94C77 /* generic.png in Resources */,
				F13F1FE61C960E5C00FC87AD /* veryAngry.png in Resources */,
			);
			runOnlyForDeploymentPostprocessing = 0;
		};
		9560F17D1AD99EA90085F9EA /* Resources */ = {
			isa = PBXResourcesBuildPhase;
			buildActionMask = 2147483647;
			files = (
			);
			runOnlyForDeploymentPostprocessing = 0;
		};
/* End PBXResourcesBuildPhase section */

/* Begin PBXSourcesBuildPhase section */
		9560F1661AD99EA90085F9EA /* Sources */ = {
			isa = PBXSourcesBuildPhase;
			buildActionMask = 2147483647;
			files = (
				95285CAA1AF5BE81001989B7 /* TLTiltSlider.m in Sources */,
				F1C373E61C8278E5003E3EAB /* MissedSurveyTableViewController.swift in Sources */,
				9559CE331AD9F86700DDE65B /* signinViewController.swift in Sources */,
				42B426F51B4877F200CD42F5 /* SwiftUtils.swift in Sources */,
				42BCA1141C02C09200E02FCA /* consentViewController.swift in Sources */,
				9559CE371ADA03E800DDE65B /* question.swift in Sources */,
				9521C6BD1B04686100D53C8C /* textResponseTableViewCell.swift in Sources */,
				F17129061C7119B80037407C /* SurveySummary.swift in Sources */,
				95CAD5B51ADB6CCE008CC7A1 /* time.swift in Sources */,
				9559CE451ADA090300DDE65B /* SurveyTableViewController.swift in Sources */,
				F13F1FEC1C990C8C00FC87AD /* RecordingViewController.swift in Sources */,
				42B426F31B4875B900CD42F5 /* SimpleLoginViewController.swift in Sources */,
				9559CE491ADA197000DDE65B /* buttonTableViewCell.swift in Sources */,
				9559CE471ADA183800DDE65B /* sliderTableViewCell.swift in Sources */,
				F1E9FAA41CD296BC00E44821 /* surveyViewController.swift in Sources */,
				956023671AEE191F00F94C77 /* CustomHeaderCell.swift in Sources */,
				9560F1701AD99EA90085F9EA /* AppDelegate.swift in Sources */,
				F181747E1C68FEB8006431E7 /* TestThread.swift in Sources */,
				9559CE351AD9FB3C00DDE65B /* survey.swift in Sources */,
				9559CE4B1ADA29F800DDE65B /* questionHeaderAnswerView.swift in Sources */,
				9559CE311AD9F86700DDE65B /* homeTableViewCell.swift in Sources */,
				953291BF1AFDD15A008106F0 /* responses.swift in Sources */,
				F171290A1C7147480037407C /* Queue.swift in Sources */,
				9559CE301AD9F86700DDE65B /* homeTableViewController.swift in Sources */,
				F17129081C71343F0037407C /* SurveySummaryViewController.swift in Sources */,
				9548A5A41AF5433F00189D28 /* IJReachability.swift in Sources */,
				9559CE321AD9F86700DDE65B /* loginViewController.swift in Sources */,
				F13F1FEA1C99099F00FC87AD /* Recording.swift in Sources */,
			);
			runOnlyForDeploymentPostprocessing = 0;
		};
		9560F17B1AD99EA90085F9EA /* Sources */ = {
			isa = PBXSourcesBuildPhase;
			buildActionMask = 2147483647;
			files = (
				9560F1861AD99EA90085F9EA /* WellnessAppTests.swift in Sources */,
			);
			runOnlyForDeploymentPostprocessing = 0;
		};
/* End PBXSourcesBuildPhase section */

/* Begin PBXTargetDependency section */
		9560F1811AD99EA90085F9EA /* PBXTargetDependency */ = {
			isa = PBXTargetDependency;
			target = 9560F1691AD99EA90085F9EA /* WellnessApp */;
			targetProxy = 9560F1801AD99EA90085F9EA /* PBXContainerItemProxy */;
		};
/* End PBXTargetDependency section */

/* Begin PBXVariantGroup section */
		9560F1731AD99EA90085F9EA /* Main.storyboard */ = {
			isa = PBXVariantGroup;
			children = (
				9560F1741AD99EA90085F9EA /* Base */,
			);
			name = Main.storyboard;
			sourceTree = "<group>";
		};
		9560F1781AD99EA90085F9EA /* LaunchScreen.xib */ = {
			isa = PBXVariantGroup;
			children = (
				9560F1791AD99EA90085F9EA /* Base */,
			);
			name = LaunchScreen.xib;
			sourceTree = "<group>";
		};
/* End PBXVariantGroup section */

/* Begin XCBuildConfiguration section */
		9560F1871AD99EA90085F9EA /* Debug */ = {
			isa = XCBuildConfiguration;
			buildSettings = {
				ALWAYS_SEARCH_USER_PATHS = NO;
				CLANG_CXX_LANGUAGE_STANDARD = "gnu++0x";
				CLANG_CXX_LIBRARY = "libc++";
				CLANG_ENABLE_MODULES = YES;
				CLANG_ENABLE_OBJC_ARC = YES;
				CLANG_WARN_BOOL_CONVERSION = YES;
				CLANG_WARN_CONSTANT_CONVERSION = YES;
				CLANG_WARN_DIRECT_OBJC_ISA_USAGE = YES_ERROR;
				CLANG_WARN_EMPTY_BODY = YES;
				CLANG_WARN_ENUM_CONVERSION = YES;
				CLANG_WARN_INT_CONVERSION = YES;
				CLANG_WARN_OBJC_ROOT_CLASS = YES_ERROR;
				CLANG_WARN_UNREACHABLE_CODE = YES;
				CLANG_WARN__DUPLICATE_METHOD_MATCH = YES;
				"CODE_SIGN_IDENTITY[sdk=iphoneos*]" = "iPhone Developer";
				COPY_PHASE_STRIP = NO;
				DEBUG_INFORMATION_FORMAT = "dwarf-with-dsym";
				ENABLE_STRICT_OBJC_MSGSEND = YES;
				ENABLE_TESTABILITY = YES;
				GCC_C_LANGUAGE_STANDARD = gnu99;
				GCC_DYNAMIC_NO_PIC = NO;
				GCC_NO_COMMON_BLOCKS = YES;
				GCC_OPTIMIZATION_LEVEL = 0;
				GCC_PREPROCESSOR_DEFINITIONS = (
					"DEBUG=1",
					"$(inherited)",
				);
				GCC_SYMBOLS_PRIVATE_EXTERN = NO;
				GCC_WARN_64_TO_32_BIT_CONVERSION = YES;
				GCC_WARN_ABOUT_RETURN_TYPE = YES_ERROR;
				GCC_WARN_UNDECLARED_SELECTOR = YES;
				GCC_WARN_UNINITIALIZED_AUTOS = YES_AGGRESSIVE;
				GCC_WARN_UNUSED_FUNCTION = YES;
				GCC_WARN_UNUSED_VARIABLE = YES;
				IPHONEOS_DEPLOYMENT_TARGET = 8.3;
				MTL_ENABLE_DEBUG_INFO = YES;
				ONLY_ACTIVE_ARCH = YES;
				SDKROOT = iphoneos;
				SWIFT_OPTIMIZATION_LEVEL = "-Onone";
				TARGETED_DEVICE_FAMILY = "1,2";
			};
			name = Debug;
		};
		9560F1881AD99EA90085F9EA /* Release */ = {
			isa = XCBuildConfiguration;
			buildSettings = {
				ALWAYS_SEARCH_USER_PATHS = NO;
				CLANG_CXX_LANGUAGE_STANDARD = "gnu++0x";
				CLANG_CXX_LIBRARY = "libc++";
				CLANG_ENABLE_MODULES = YES;
				CLANG_ENABLE_OBJC_ARC = YES;
				CLANG_WARN_BOOL_CONVERSION = YES;
				CLANG_WARN_CONSTANT_CONVERSION = YES;
				CLANG_WARN_DIRECT_OBJC_ISA_USAGE = YES_ERROR;
				CLANG_WARN_EMPTY_BODY = YES;
				CLANG_WARN_ENUM_CONVERSION = YES;
				CLANG_WARN_INT_CONVERSION = YES;
				CLANG_WARN_OBJC_ROOT_CLASS = YES_ERROR;
				CLANG_WARN_UNREACHABLE_CODE = YES;
				CLANG_WARN__DUPLICATE_METHOD_MATCH = YES;
				"CODE_SIGN_IDENTITY[sdk=iphoneos*]" = "iPhone Developer";
				COPY_PHASE_STRIP = NO;
				DEBUG_INFORMATION_FORMAT = "dwarf-with-dsym";
				ENABLE_NS_ASSERTIONS = NO;
				ENABLE_STRICT_OBJC_MSGSEND = YES;
				GCC_C_LANGUAGE_STANDARD = gnu99;
				GCC_NO_COMMON_BLOCKS = YES;
				GCC_WARN_64_TO_32_BIT_CONVERSION = YES;
				GCC_WARN_ABOUT_RETURN_TYPE = YES_ERROR;
				GCC_WARN_UNDECLARED_SELECTOR = YES;
				GCC_WARN_UNINITIALIZED_AUTOS = YES_AGGRESSIVE;
				GCC_WARN_UNUSED_FUNCTION = YES;
				GCC_WARN_UNUSED_VARIABLE = YES;
				IPHONEOS_DEPLOYMENT_TARGET = 8.3;
				MTL_ENABLE_DEBUG_INFO = NO;
				SDKROOT = iphoneos;
				TARGETED_DEVICE_FAMILY = "1,2";
				VALIDATE_PRODUCT = YES;
			};
			name = Release;
		};
		9560F18A1AD99EA90085F9EA /* Debug */ = {
			isa = XCBuildConfiguration;
			buildSettings = {
				ASSETCATALOG_COMPILER_APPICON_NAME = AppIcon;
				ASSETCATALOG_COMPILER_LAUNCHIMAGE_NAME = LaunchImage;
				CLANG_ENABLE_MODULES = YES;
				CODE_SIGN_IDENTITY = "iPhone Developer";
				ENABLE_BITCODE = NO;
				FRAMEWORK_SEARCH_PATHS = (
					"$(inherited)",
					"$(PROJECT_DIR)",
				);
				INFOPLIST_FILE = WellnessApp/Info.plist;
				IPHONEOS_DEPLOYMENT_TARGET = 8.0;
				LD_RUNPATH_SEARCH_PATHS = "$(inherited) @executable_path/Frameworks";
				PRODUCT_BUNDLE_IDENTIFIER = "com.apps.mobicom.$(PRODUCT_NAME:rfc1034identifier)";
				PRODUCT_NAME = "$(TARGET_NAME)";
				SWIFT_OBJC_BRIDGING_HEADER = "WellnessApp/WellnessApp-Bridging-Header.h";
				SWIFT_OPTIMIZATION_LEVEL = "-Onone";
			};
			name = Debug;
		};
		9560F18B1AD99EA90085F9EA /* Release */ = {
			isa = XCBuildConfiguration;
			buildSettings = {
				ASSETCATALOG_COMPILER_APPICON_NAME = AppIcon;
				ASSETCATALOG_COMPILER_LAUNCHIMAGE_NAME = LaunchImage;
				CLANG_ENABLE_MODULES = YES;
				CODE_SIGN_IDENTITY = "iPhone Developer";
				ENABLE_BITCODE = NO;
				FRAMEWORK_SEARCH_PATHS = (
					"$(inherited)",
					"$(PROJECT_DIR)",
				);
				INFOPLIST_FILE = WellnessApp/Info.plist;
				IPHONEOS_DEPLOYMENT_TARGET = 8.0;
				LD_RUNPATH_SEARCH_PATHS = "$(inherited) @executable_path/Frameworks";
				PRODUCT_BUNDLE_IDENTIFIER = "com.apps.mobicom.$(PRODUCT_NAME:rfc1034identifier)";
				PRODUCT_NAME = "$(TARGET_NAME)";
				SWIFT_OBJC_BRIDGING_HEADER = "WellnessApp/WellnessApp-Bridging-Header.h";
			};
			name = Release;
		};
		9560F18D1AD99EA90085F9EA /* Debug */ = {
			isa = XCBuildConfiguration;
			buildSettings = {
				BUNDLE_LOADER = "$(TEST_HOST)";
				FRAMEWORK_SEARCH_PATHS = (
					"$(SDKROOT)/Developer/Library/Frameworks",
					"$(inherited)",
				);
				GCC_PREPROCESSOR_DEFINITIONS = (
					"DEBUG=1",
					"$(inherited)",
				);
				INFOPLIST_FILE = WellnessAppTests/Info.plist;
				LD_RUNPATH_SEARCH_PATHS = "$(inherited) @executable_path/Frameworks @loader_path/Frameworks";
				PRODUCT_BUNDLE_IDENTIFIER = "com.apps.mobicom.$(PRODUCT_NAME:rfc1034identifier)";
				PRODUCT_NAME = "$(TARGET_NAME)";
				TEST_HOST = "$(BUILT_PRODUCTS_DIR)/WellnessApp.app/WellnessApp";
			};
			name = Debug;
		};
		9560F18E1AD99EA90085F9EA /* Release */ = {
			isa = XCBuildConfiguration;
			buildSettings = {
				BUNDLE_LOADER = "$(TEST_HOST)";
				FRAMEWORK_SEARCH_PATHS = (
					"$(SDKROOT)/Developer/Library/Frameworks",
					"$(inherited)",
				);
				INFOPLIST_FILE = WellnessAppTests/Info.plist;
				LD_RUNPATH_SEARCH_PATHS = "$(inherited) @executable_path/Frameworks @loader_path/Frameworks";
				PRODUCT_BUNDLE_IDENTIFIER = "com.apps.mobicom.$(PRODUCT_NAME:rfc1034identifier)";
				PRODUCT_NAME = "$(TARGET_NAME)";
				TEST_HOST = "$(BUILT_PRODUCTS_DIR)/WellnessApp.app/WellnessApp";
			};
			name = Release;
		};
/* End XCBuildConfiguration section */

/* Begin XCConfigurationList section */
		9560F1651AD99EA80085F9EA /* Build configuration list for PBXProject "WellnessApp" */ = {
			isa = XCConfigurationList;
			buildConfigurations = (
				9560F1871AD99EA90085F9EA /* Debug */,
				9560F1881AD99EA90085F9EA /* Release */,
			);
			defaultConfigurationIsVisible = 0;
			defaultConfigurationName = Release;
		};
		9560F1891AD99EA90085F9EA /* Build configuration list for PBXNativeTarget "WellnessApp" */ = {
			isa = XCConfigurationList;
			buildConfigurations = (
				9560F18A1AD99EA90085F9EA /* Debug */,
				9560F18B1AD99EA90085F9EA /* Release */,
			);
			defaultConfigurationIsVisible = 0;
			defaultConfigurationName = Release;
		};
		9560F18C1AD99EA90085F9EA /* Build configuration list for PBXNativeTarget "WellnessAppTests" */ = {
			isa = XCConfigurationList;
			buildConfigurations = (
				9560F18D1AD99EA90085F9EA /* Debug */,
				9560F18E1AD99EA90085F9EA /* Release */,
			);
			defaultConfigurationIsVisible = 0;
			defaultConfigurationName = Release;
		};
/* End XCConfigurationList section */
	};
	rootObject = 9560F1621AD99EA80085F9EA /* Project object */;
}
